// !$*UTF8*$!
{
	archiveVersion = 1;
	classes = {
	};
	objectVersion = 48;
	objects = {

/* Begin PBXBuildFile section */
		811F344D1F0D813F0016F226 /* AppDelegate.swift in Sources */ = {isa = PBXBuildFile; fileRef = 811F344C1F0D813F0016F226 /* AppDelegate.swift */; };
		811F344F1F0D813F0016F226 /* ViewController.swift in Sources */ = {isa = PBXBuildFile; fileRef = 811F344E1F0D813F0016F226 /* ViewController.swift */; };
		811F34521F0D813F0016F226 /* Main.storyboard in Resources */ = {isa = PBXBuildFile; fileRef = 811F34501F0D813F0016F226 /* Main.storyboard */; };
		811F34541F0D813F0016F226 /* Assets.xcassets in Resources */ = {isa = PBXBuildFile; fileRef = 811F34531F0D813F0016F226 /* Assets.xcassets */; };
		811F34571F0D813F0016F226 /* LaunchScreen.storyboard in Resources */ = {isa = PBXBuildFile; fileRef = 811F34551F0D813F0016F226 /* LaunchScreen.storyboard */; };
		811F34631F0D84540016F226 /* ReSwift.framework in Frameworks */ = {isa = PBXBuildFile; fileRef = 811F34621F0D83F20016F226 /* ReSwift.framework */; };
		81B879101F0EAAB9004E5CE4 /* ContainerComponent.swift in Sources */ = {isa = PBXBuildFile; fileRef = 81B8790F1F0EAAB9004E5CE4 /* ContainerComponent.swift */; };
/* End PBXBuildFile section */

/* Begin PBXFileReference section */
		811F34491F0D813F0016F226 /* ReSwiftContainers.app */ = {isa = PBXFileReference; explicitFileType = wrapper.application; includeInIndex = 0; path = ReSwiftContainers.app; sourceTree = BUILT_PRODUCTS_DIR; };
		811F344C1F0D813F0016F226 /* AppDelegate.swift */ = {isa = PBXFileReference; lastKnownFileType = sourcecode.swift; path = AppDelegate.swift; sourceTree = "<group>"; };
		811F344E1F0D813F0016F226 /* ViewController.swift */ = {isa = PBXFileReference; lastKnownFileType = sourcecode.swift; path = ViewController.swift; sourceTree = "<group>"; };
		811F34511F0D813F0016F226 /* Base */ = {isa = PBXFileReference; lastKnownFileType = file.storyboard; name = Base; path = Base.lproj/Main.storyboard; sourceTree = "<group>"; };
		811F34531F0D813F0016F226 /* Assets.xcassets */ = {isa = PBXFileReference; lastKnownFileType = folder.assetcatalog; path = Assets.xcassets; sourceTree = "<group>"; };
		811F34561F0D813F0016F226 /* Base */ = {isa = PBXFileReference; lastKnownFileType = file.storyboard; name = Base; path = Base.lproj/LaunchScreen.storyboard; sourceTree = "<group>"; };
		811F34581F0D813F0016F226 /* Info.plist */ = {isa = PBXFileReference; lastKnownFileType = text.plist.xml; path = Info.plist; sourceTree = "<group>"; };
		811F34621F0D83F20016F226 /* ReSwift.framework */ = {isa = PBXFileReference; lastKnownFileType = wrapper.framework; name = ReSwift.framework; path = Carthage/Build/iOS/ReSwift.framework; sourceTree = "<group>"; };
		81B8790F1F0EAAB9004E5CE4 /* ContainerComponent.swift */ = {isa = PBXFileReference; lastKnownFileType = sourcecode.swift; path = ContainerComponent.swift; sourceTree = "<group>"; };
/* End PBXFileReference section */

/* Begin PBXFrameworksBuildPhase section */
		811F34461F0D813F0016F226 /* Frameworks */ = {
			isa = PBXFrameworksBuildPhase;
			buildActionMask = 2147483647;
			files = (
				811F34631F0D84540016F226 /* ReSwift.framework in Frameworks */,
			);
			runOnlyForDeploymentPostprocessing = 0;
		};
/* End PBXFrameworksBuildPhase section */

/* Begin PBXGroup section */
		811F34401F0D813F0016F226 = {
			isa = PBXGroup;
			children = (
				811F344B1F0D813F0016F226 /* ReSwiftContainers */,
				811F344A1F0D813F0016F226 /* Products */,
				811F34611F0D83F10016F226 /* Frameworks */,
			);
			sourceTree = "<group>";
		};
		811F344A1F0D813F0016F226 /* Products */ = {
			isa = PBXGroup;
			children = (
				811F34491F0D813F0016F226 /* ReSwiftContainers.app */,
			);
			name = Products;
			sourceTree = "<group>";
		};
		811F344B1F0D813F0016F226 /* ReSwiftContainers */ = {
			isa = PBXGroup;
			children = (
				811F344C1F0D813F0016F226 /* AppDelegate.swift */,
				811F344E1F0D813F0016F226 /* ViewController.swift */,
				811F34501F0D813F0016F226 /* Main.storyboard */,
				811F34531F0D813F0016F226 /* Assets.xcassets */,
				811F34551F0D813F0016F226 /* LaunchScreen.storyboard */,
				811F34581F0D813F0016F226 /* Info.plist */,
				81B8790F1F0EAAB9004E5CE4 /* ContainerComponent.swift */,
			);
			path = ReSwiftContainers;
			sourceTree = "<group>";
		};
		811F34611F0D83F10016F226 /* Frameworks */ = {
			isa = PBXGroup;
			children = (
				811F34621F0D83F20016F226 /* ReSwift.framework */,
			);
			name = Frameworks;
			sourceTree = "<group>";
		};
/* End PBXGroup section */

/* Begin PBXNativeTarget section */
		811F34481F0D813F0016F226 /* ReSwiftContainers */ = {
			isa = PBXNativeTarget;
			buildConfigurationList = 811F345B1F0D813F0016F226 /* Build configuration list for PBXNativeTarget "ReSwiftContainers" */;
			buildPhases = (
				811F34451F0D813F0016F226 /* Sources */,
				811F34461F0D813F0016F226 /* Frameworks */,
				811F34471F0D813F0016F226 /* Resources */,
				811F34601F0D83CF0016F226 /* ShellScript */,
			);
			buildRules = (
			);
			dependencies = (
			);
			name = ReSwiftContainers;
			productName = ReSwiftContainers;
			productReference = 811F34491F0D813F0016F226 /* ReSwiftContainers.app */;
			productType = "com.apple.product-type.application";
		};
/* End PBXNativeTarget section */

/* Begin PBXProject section */
		811F34411F0D813F0016F226 /* Project object */ = {
			isa = PBXProject;
			attributes = {
				LastSwiftUpdateCheck = 0900;
				LastUpgradeCheck = 0900;
				ORGANIZATIONNAME = "Evan Compton";
				TargetAttributes = {
					811F34481F0D813F0016F226 = {
						CreatedOnToolsVersion = 9.0;
					};
				};
			};
			buildConfigurationList = 811F34441F0D813F0016F226 /* Build configuration list for PBXProject "ReSwiftContainers" */;
			compatibilityVersion = "Xcode 8.0";
			developmentRegion = en;
			hasScannedForEncodings = 0;
			knownRegions = (
				en,
				Base,
			);
			mainGroup = 811F34401F0D813F0016F226;
			productRefGroup = 811F344A1F0D813F0016F226 /* Products */;
			projectDirPath = "";
			projectRoot = "";
			targets = (
				811F34481F0D813F0016F226 /* ReSwiftContainers */,
			);
		};
/* End PBXProject section */

/* Begin PBXResourcesBuildPhase section */
		811F34471F0D813F0016F226 /* Resources */ = {
			isa = PBXResourcesBuildPhase;
			buildActionMask = 2147483647;
			files = (
				811F34571F0D813F0016F226 /* LaunchScreen.storyboard in Resources */,
				811F34541F0D813F0016F226 /* Assets.xcassets in Resources */,
				811F34521F0D813F0016F226 /* Main.storyboard in Resources */,
			);
			runOnlyForDeploymentPostprocessing = 0;
		};
/* End PBXResourcesBuildPhase section */

/* Begin PBXShellScriptBuildPhase section */
		811F34601F0D83CF0016F226 /* ShellScript */ = {
			isa = PBXShellScriptBuildPhase;
			buildActionMask = 2147483647;
			files = (
			);
			inputPaths = (
				"$(SRCROOT)/Carthage/Build/iOS/ReSwift.framework",
			);
			outputPaths = (
			);
			runOnlyForDeploymentPostprocessing = 0;
			shellPath = /bin/sh;
			shellScript = "/usr/local/bin/carthage copy-frameworks";
		};
/* End PBXShellScriptBuildPhase section */

/* Begin PBXSourcesBuildPhase section */
		811F34451F0D813F0016F226 /* Sources */ = {
			isa = PBXSourcesBuildPhase;
			buildActionMask = 2147483647;
			files = (
				811F344F1F0D813F0016F226 /* ViewController.swift in Sources */,
				81B879101F0EAAB9004E5CE4 /* ContainerComponent.swift in Sources */,
				811F344D1F0D813F0016F226 /* AppDelegate.swift in Sources */,
			);
			runOnlyForDeploymentPostprocessing = 0;
		};
/* End PBXSourcesBuildPhase section */

/* Begin PBXVariantGroup section */
		811F34501F0D813F0016F226 /* Main.storyboard */ = {
			isa = PBXVariantGroup;
			children = (
				811F34511F0D813F0016F226 /* Base */,
			);
			name = Main.storyboard;
			sourceTree = "<group>";
		};
		811F34551F0D813F0016F226 /* LaunchScreen.storyboard */ = {
			isa = PBXVariantGroup;
			children = (
				811F34561F0D813F0016F226 /* Base */,
			);
			name = LaunchScreen.storyboard;
			sourceTree = "<group>";
		};
/* End PBXVariantGroup section */

/* Begin XCBuildConfiguration section */
		811F34591F0D813F0016F226 /* Debug */ = {
			isa = XCBuildConfiguration;
			buildSettings = {
				ALWAYS_SEARCH_USER_PATHS = NO;
				CLANG_ANALYZER_NONNULL = YES;
				CLANG_ANALYZER_NUMBER_OBJECT_CONVERSION = YES_AGGRESSIVE;
				CLANG_CXX_LANGUAGE_STANDARD = "gnu++14";
				CLANG_CXX_LIBRARY = "libc++";
				CLANG_ENABLE_MODULES = YES;
				CLANG_ENABLE_OBJC_ARC = YES;
				CLANG_WARN_BLOCK_CAPTURE_AUTORELEASING = YES;
				CLANG_WARN_BOOL_CONVERSION = YES;
				CLANG_WARN_COMMA = YES;
				CLANG_WARN_CONSTANT_CONVERSION = YES;
				CLANG_WARN_DIRECT_OBJC_ISA_USAGE = YES_ERROR;
				CLANG_WARN_DOCUMENTATION_COMMENTS = YES;
				CLANG_WARN_EMPTY_BODY = YES;
				CLANG_WARN_ENUM_CONVERSION = YES;
				CLANG_WARN_INFINITE_RECURSION = YES;
				CLANG_WARN_INT_CONVERSION = YES;
				CLANG_WARN_OBJC_ROOT_CLASS = YES_ERROR;
				CLANG_WARN_RANGE_LOOP_ANALYSIS = YES;
				CLANG_WARN_STRICT_PROTOTYPES = YES;
				CLANG_WARN_SUSPICIOUS_MOVE = YES;
				CLANG_WARN_UNGUARDED_AVAILABILITY = YES_AGGRESSIVE;
				CLANG_WARN_UNREACHABLE_CODE = YES;
				CLANG_WARN__DUPLICATE_METHOD_MATCH = YES;
				CODE_SIGN_IDENTITY = "iPhone Developer";
				COPY_PHASE_STRIP = NO;
				DEBUG_INFORMATION_FORMAT = dwarf;
				ENABLE_STRICT_OBJC_MSGSEND = YES;
				ENABLE_TESTABILITY = YES;
				GCC_C_LANGUAGE_STANDARD = gnu11;
				GCC_DYNAMIC_NO_PIC = NO;
				GCC_NO_COMMON_BLOCKS = YES;
				GCC_OPTIMIZATION_LEVEL = 0;
				GCC_PREPROCESSOR_DEFINITIONS = (
					"DEBUG=1",
					"$(inherited)",
				);
				GCC_WARN_64_TO_32_BIT_CONVERSION = YES;
				GCC_WARN_ABOUT_RETURN_TYPE = YES_ERROR;
				GCC_WARN_UNDECLARED_SELECTOR = YES;
				GCC_WARN_UNINITIALIZED_AUTOS = YES_AGGRESSIVE;
				GCC_WARN_UNUSED_FUNCTION = YES;
				GCC_WARN_UNUSED_VARIABLE = YES;
				IPHONEOS_DEPLOYMENT_TARGET = 11.0;
				MTL_ENABLE_DEBUG_INFO = YES;
				ONLY_ACTIVE_ARCH = YES;
				SDKROOT = iphoneos;
				SWIFT_ACTIVE_COMPILATION_CONDITIONS = DEBUG;
				SWIFT_OPTIMIZATION_LEVEL = "-Onone";
			};
			name = Debug;
		};
		811F345A1F0D813F0016F226 /* Release */ = {
			isa = XCBuildConfiguration;
			buildSettings = {
				ALWAYS_SEARCH_USER_PATHS = NO;
				CLANG_ANALYZER_NONNULL = YES;
				CLANG_ANALYZER_NUMBER_OBJECT_CONVERSION = YES_AGGRESSIVE;
				CLANG_CXX_LANGUAGE_STANDARD = "gnu++14";
				CLANG_CXX_LIBRARY = "libc++";
				CLANG_ENABLE_MODULES = YES;
				CLANG_ENABLE_OBJC_ARC = YES;
				CLANG_WARN_BLOCK_CAPTURE_AUTORELEASING = YES;
				CLANG_WARN_BOOL_CONVERSION = YES;
				CLANG_WARN_COMMA = YES;
				CLANG_WARN_CONSTANT_CONVERSION = YES;
				CLANG_WARN_DIRECT_OBJC_ISA_USAGE = YES_ERROR;
				CLANG_WARN_DOCUMENTATION_COMMENTS = YES;
				CLANG_WARN_EMPTY_BODY = YES;
				CLANG_WARN_ENUM_CONVERSION = YES;
				CLANG_WARN_INFINITE_RECURSION = YES;
				CLANG_WARN_INT_CONVERSION = YES;
				CLANG_WARN_OBJC_ROOT_CLASS = YES_ERROR;
				CLANG_WARN_RANGE_LOOP_ANALYSIS = YES;
				CLANG_WARN_STRICT_PROTOTYPES = YES;
				CLANG_WARN_SUSPICIOUS_MOVE = YES;
				CLANG_WARN_UNGUARDED_AVAILABILITY = YES_AGGRESSIVE;
				CLANG_WARN_UNREACHABLE_CODE = YES;
				CLANG_WARN__DUPLICATE_METHOD_MATCH = YES;
				CODE_SIGN_IDENTITY = "iPhone Developer";
				COPY_PHASE_STRIP = NO;
				DEBUG_INFORMATION_FORMAT = "dwarf-with-dsym";
				ENABLE_NS_ASSERTIONS = NO;
				ENABLE_STRICT_OBJC_MSGSEND = YES;
				GCC_C_LANGUAGE_STANDARD = gnu11;
				GCC_NO_COMMON_BLOCKS = YES;
				GCC_WARN_64_TO_32_BIT_CONVERSION = YES;
				GCC_WARN_ABOUT_RETURN_TYPE = YES_ERROR;
				GCC_WARN_UNDECLARED_SELECTOR = YES;
				GCC_WARN_UNINITIALIZED_AUTOS = YES_AGGRESSIVE;
				GCC_WARN_UNUSED_FUNCTION = YES;
				GCC_WARN_UNUSED_VARIABLE = YES;
				IPHONEOS_DEPLOYMENT_TARGET = 11.0;
				MTL_ENABLE_DEBUG_INFO = NO;
				SDKROOT = iphoneos;
				SWIFT_OPTIMIZATION_LEVEL = "-Owholemodule";
				VALIDATE_PRODUCT = YES;
			};
			name = Release;
		};
		811F345C1F0D813F0016F226 /* Debug */ = {
			isa = XCBuildConfiguration;
			buildSettings = {
				ASSETCATALOG_COMPILER_APPICON_NAME = AppIcon;
				DEVELOPMENT_TEAM = V493AY4G6S;
				FRAMEWORK_SEARCH_PATHS = (
					"$(inherited)",
					"$(PROJECT_DIR)/Carthage/Build/iOS",
				);
				INFOPLIST_FILE = ReSwiftContainers/Info.plist;
				LD_RUNPATH_SEARCH_PATHS = "$(inherited) @executable_path/Frameworks";
				PRODUCT_BUNDLE_IDENTIFIER = wt.ReSwiftContainers;
				PRODUCT_NAME = "$(TARGET_NAME)";
				SWIFT_VERSION = 4.0;
				TARGETED_DEVICE_FAMILY = "1,2";
			};
			name = Debug;
		};
		811F345D1F0D813F0016F226 /* Release */ = {
			isa = XCBuildConfiguration;
			buildSettings = {
				ASSETCATALOG_COMPILER_APPICON_NAME = AppIcon;
				DEVELOPMENT_TEAM = V493AY4G6S;
				FRAMEWORK_SEARCH_PATHS = (
					"$(inherited)",
					"$(PROJECT_DIR)/Carthage/Build/iOS",
				);
				INFOPLIST_FILE = ReSwiftContainers/Info.plist;
				LD_RUNPATH_SEARCH_PATHS = "$(inherited) @executable_path/Frameworks";
				PRODUCT_BUNDLE_IDENTIFIER = wt.ReSwiftContainers;
				PRODUCT_NAME = "$(TARGET_NAME)";
				SWIFT_VERSION = 4.0;
				TARGETED_DEVICE_FAMILY = "1,2";
			};
			name = Release;
		};
/* End XCBuildConfiguration section */

/* Begin XCConfigurationList section */
		811F34441F0D813F0016F226 /* Build configuration list for PBXProject "ReSwiftContainers" */ = {
			isa = XCConfigurationList;
			buildConfigurations = (
				811F34591F0D813F0016F226 /* Debug */,
				811F345A1F0D813F0016F226 /* Release */,
			);
			defaultConfigurationIsVisible = 0;
			defaultConfigurationName = Release;
		};
		811F345B1F0D813F0016F226 /* Build configuration list for PBXNativeTarget "ReSwiftContainers" */ = {
			isa = XCConfigurationList;
			buildConfigurations = (
				811F345C1F0D813F0016F226 /* Debug */,
				811F345D1F0D813F0016F226 /* Release */,
			);
			defaultConfigurationIsVisible = 0;
			defaultConfigurationName = Release;
		};
/* End XCConfigurationList section */
	};
	rootObject = 811F34411F0D813F0016F226 /* Project object */;
}
